
Microsoft Visual Studio Solution File, Format Version 12.00
# Visual Studio Version 17
VisualStudioVersion = 17.2.32630.192
MinimumVisualStudioVersion = 10.0.40219.1
Project("{8BC9CEB8-8B4A-11D0-8D11-00A0C91BC942}") = "Zork-IntroClass", "..\source\Zork\Zork.vcxproj", "{4C890096-DB2C-4EB9-BCE3-750D41EDB8B8}"
EndProject
Project("{8BC9CEB8-8B4A-11D0-8D11-00A0C91BC942}") = "ZorkGame", "..\source\ZorkGame\ZorkGame.vcxproj", "{F97108F9-89E9-4779-B1BD-E064C587C9A1}"
EndProject
Global
	GlobalSection(SolutionConfigurationPlatforms) = preSolution
		Debug|x64 = Debug|x64
		Debug|x86 = Debug|x86
		Release|x64 = Release|x64
		Release|x86 = Release|x86
	EndGlobalSection
	GlobalSection(ProjectConfigurationPlatforms) = postSolution
		{4C890096-DB2C-4EB9-BCE3-750D41EDB8B8}.Debug|x64.ActiveCfg = Debug|x64
		{4C890096-DB2C-4EB9-BCE3-750D41EDB8B8}.Debug|x64.Build.0 = Debug|x64
		{4C890096-DB2C-4EB9-BCE3-750D41EDB8B8}.Debug|x86.ActiveCfg = Debug|Win32
		{4C890096-DB2C-4EB9-BCE3-750D41EDB8B8}.Debug|x86.Build.0 = Debug|Win32
		{4C890096-DB2C-4EB9-BCE3-750D41EDB8B8}.Release|x64.ActiveCfg = Release|x64
		{4C890096-DB2C-4EB9-BCE3-750D41EDB8B8}.Release|x64.Build.0 = Release|x64
		{4C890096-DB2C-4EB9-BCE3-750D41EDB8B8}.Release|x86.ActiveCfg = Release|Win32
		{4C890096-DB2C-4EB9-BCE3-750D41EDB8B8}.Release|x86.Build.0 = Release|Win32
		{F97108F9-89E9-4779-B1BD-E064C587C9A1}.Debug|x64.ActiveCfg = Debug|x64
		{F97108F9-89E9-4779-B1BD-E064C587C9A1}.Debug|x64.Build.0 = Debug|x64
		{F97108F9-89E9-4779-B1BD-E064C587C9A1}.Debug|x86.ActiveCfg = Debug|Win32
		{F97108F9-89E9-4779-B1BD-E064C587C9A1}.Debug|x86.Build.0 = Debug|Win32
		{F97108F9-89E9-4779-B1BD-E064C587C9A1}.Release|x64.ActiveCfg = Release|x64
		{F97108F9-89E9-4779-B1BD-E064C587C9A1}.Release|x64.Build.0 = Release|x64
		{F97108F9-89E9-4779-B1BD-E064C587C9A1}.Release|x86.ActiveCfg = Release|Win32
		{F97108F9-89E9-4779-B1BD-E064C587C9A1}.Release|x86.Build.0 = Release|Win32
	EndGlobalSection
	GlobalSection(SolutionProperties) = preSolution
		HideSolutionNode = FALSE
	EndGlobalSection
	GlobalSection(ExtensibilityGlobals) = postSolution
		SolutionGuid = {EF6B86D3-D100-4E5E-9860-02B55C6545CF}
	EndGlobalSection
EndGlobal
